
Microsoft Visual Studio Solution File, Format Version 12.00
# Visual Studio Version 17
VisualStudioVersion = 17.12.35527.113
MinimumVisualStudioVersion = 10.0.40219.1
Project("{FE7A1B72-C5B7-4D7C-BB7D-76384D4DE8E1}") = "Reporting_HMI", "Reporting_HMI\Reporting_HMI.hmiproj", "{8EF92839-FAB7-4351-8E2A-7AB72B9681CE}"
EndProject
Project("{B1E792BE-AA5F-4E3C-8C82-674BF9C0715B}") = "Reporting_XAE", "Reporting_XAE\Reporting_XAE.tsproj", "{AFCFF341-7F4C-45EE-B21E-2E180A8961CA}"
EndProject
Global
	GlobalSection(SolutionConfigurationPlatforms) = preSolution
		Debug|TwinCAT HMI = Debug|TwinCAT HMI
		Debug|TwinCAT OS (ARMV7-A) = Debug|TwinCAT OS (ARMV7-A)
		Debug|TwinCAT OS (ARMV7-M) = Debug|TwinCAT OS (ARMV7-M)
		Debug|TwinCAT OS (ARMV8-A) = Debug|TwinCAT OS (ARMV8-A)
		Debug|TwinCAT OS (x64) = Debug|TwinCAT OS (x64)
		Debug|TwinCAT RT (x64) = Debug|TwinCAT RT (x64)
		Debug|TwinCAT RT (x86) = Debug|TwinCAT RT (x86)
		Release|TwinCAT HMI = Release|TwinCAT HMI
		Release|TwinCAT OS (ARMV7-A) = Release|TwinCAT OS (ARMV7-A)
		Release|TwinCAT OS (ARMV7-M) = Release|TwinCAT OS (ARMV7-M)
		Release|TwinCAT OS (ARMV8-A) = Release|TwinCAT OS (ARMV8-A)
		Release|TwinCAT OS (x64) = Release|TwinCAT OS (x64)
		Release|TwinCAT RT (x64) = Release|TwinCAT RT (x64)
		Release|TwinCAT RT (x86) = Release|TwinCAT RT (x86)
	EndGlobalSection
	GlobalSection(ProjectConfigurationPlatforms) = postSolution
		{8EF92839-FAB7-4351-8E2A-7AB72B9681CE}.Debug|TwinCAT HMI.ActiveCfg = Debug|TwinCAT HMI
		{8EF92839-FAB7-4351-8E2A-7AB72B9681CE}.Debug|TwinCAT HMI.Build.0 = Debug|TwinCAT HMI
		{8EF92839-FAB7-4351-8E2A-7AB72B9681CE}.Debug|TwinCAT OS (ARMV7-A).ActiveCfg = Debug|TwinCAT HMI
		{8EF92839-FAB7-4351-8E2A-7AB72B9681CE}.Debug|TwinCAT OS (ARMV7-A).Build.0 = Debug|TwinCAT HMI
		{8EF92839-FAB7-4351-8E2A-7AB72B9681CE}.Debug|TwinCAT OS (ARMV7-M).ActiveCfg = Debug|TwinCAT HMI
		{8EF92839-FAB7-4351-8E2A-7AB72B9681CE}.Debug|TwinCAT OS (ARMV7-M).Build.0 = Debug|TwinCAT HMI
		{8EF92839-FAB7-4351-8E2A-7AB72B9681CE}.Debug|TwinCAT OS (ARMV8-A).ActiveCfg = Debug|TwinCAT HMI
		{8EF92839-FAB7-4351-8E2A-7AB72B9681CE}.Debug|TwinCAT OS (ARMV8-A).Build.0 = Debug|TwinCAT HMI
		{8EF92839-FAB7-4351-8E2A-7AB72B9681CE}.Debug|TwinCAT OS (x64).ActiveCfg = Debug|TwinCAT HMI
		{8EF92839-FAB7-4351-8E2A-7AB72B9681CE}.Debug|TwinCAT OS (x64).Build.0 = Debug|TwinCAT HMI
		{8EF92839-FAB7-4351-8E2A-7AB72B9681CE}.Debug|TwinCAT RT (x64).ActiveCfg = Debug|TwinCAT HMI
		{8EF92839-FAB7-4351-8E2A-7AB72B9681CE}.Debug|TwinCAT RT (x64).Build.0 = Debug|TwinCAT HMI
		{8EF92839-FAB7-4351-8E2A-7AB72B9681CE}.Debug|TwinCAT RT (x86).ActiveCfg = Debug|TwinCAT HMI
		{8EF92839-FAB7-4351-8E2A-7AB72B9681CE}.Debug|TwinCAT RT (x86).Build.0 = Debug|TwinCAT HMI
		{8EF92839-FAB7-4351-8E2A-7AB72B9681CE}.Release|TwinCAT HMI.ActiveCfg = Release|TwinCAT HMI
		{8EF92839-FAB7-4351-8E2A-7AB72B9681CE}.Release|TwinCAT HMI.Build.0 = Release|TwinCAT HMI
		{8EF92839-FAB7-4351-8E2A-7AB72B9681CE}.Release|TwinCAT OS (ARMV7-A).ActiveCfg = Release|TwinCAT HMI
		{8EF92839-FAB7-4351-8E2A-7AB72B9681CE}.Release|TwinCAT OS (ARMV7-A).Build.0 = Release|TwinCAT HMI
		{8EF92839-FAB7-4351-8E2A-7AB72B9681CE}.Release|TwinCAT OS (ARMV7-M).ActiveCfg = Release|TwinCAT HMI
		{8EF92839-FAB7-4351-8E2A-7AB72B9681CE}.Release|TwinCAT OS (ARMV7-M).Build.0 = Release|TwinCAT HMI
		{8EF92839-FAB7-4351-8E2A-7AB72B9681CE}.Release|TwinCAT OS (ARMV8-A).ActiveCfg = Release|TwinCAT HMI
		{8EF92839-FAB7-4351-8E2A-7AB72B9681CE}.Release|TwinCAT OS (ARMV8-A).Build.0 = Release|TwinCAT HMI
		{8EF92839-FAB7-4351-8E2A-7AB72B9681CE}.Release|TwinCAT OS (x64).ActiveCfg = Release|TwinCAT HMI
		{8EF92839-FAB7-4351-8E2A-7AB72B9681CE}.Release|TwinCAT OS (x64).Build.0 = Release|TwinCAT HMI
		{8EF92839-FAB7-4351-8E2A-7AB72B9681CE}.Release|TwinCAT RT (x64).ActiveCfg = Release|TwinCAT HMI
		{8EF92839-FAB7-4351-8E2A-7AB72B9681CE}.Release|TwinCAT RT (x64).Build.0 = Release|TwinCAT HMI
		{8EF92839-FAB7-4351-8E2A-7AB72B9681CE}.Release|TwinCAT RT (x86).ActiveCfg = Release|TwinCAT HMI
		{8EF92839-FAB7-4351-8E2A-7AB72B9681CE}.Release|TwinCAT RT (x86).Build.0 = Release|TwinCAT HMI
		{AFCFF341-7F4C-45EE-B21E-2E180A8961CA}.Debug|TwinCAT HMI.ActiveCfg = Debug|TwinCAT RT (x64)
		{AFCFF341-7F4C-45EE-B21E-2E180A8961CA}.Debug|TwinCAT HMI.Build.0 = Debug|TwinCAT RT (x64)
		{AFCFF341-7F4C-45EE-B21E-2E180A8961CA}.Debug|TwinCAT OS (ARMV7-A).ActiveCfg = Debug|TwinCAT OS (ARMV7-A)
		{AFCFF341-7F4C-45EE-B21E-2E180A8961CA}.Debug|TwinCAT OS (ARMV7-A).Build.0 = Debug|TwinCAT OS (ARMV7-A)
		{AFCFF341-7F4C-45EE-B21E-2E180A8961CA}.Debug|TwinCAT OS (ARMV7-M).ActiveCfg = Debug|TwinCAT OS (ARMV7-M)
		{AFCFF341-7F4C-45EE-B21E-2E180A8961CA}.Debug|TwinCAT OS (ARMV7-M).Build.0 = Debug|TwinCAT OS (ARMV7-M)
		{AFCFF341-7F4C-45EE-B21E-2E180A8961CA}.Debug|TwinCAT OS (ARMV8-A).ActiveCfg = Debug|TwinCAT OS (ARMV8-A)
		{AFCFF341-7F4C-45EE-B21E-2E180A8961CA}.Debug|TwinCAT OS (ARMV8-A).Build.0 = Debug|TwinCAT OS (ARMV8-A)
		{AFCFF341-7F4C-45EE-B21E-2E180A8961CA}.Debug|TwinCAT OS (x64).ActiveCfg = Debug|TwinCAT OS (x64)
		{AFCFF341-7F4C-45EE-B21E-2E180A8961CA}.Debug|TwinCAT OS (x64).Build.0 = Debug|TwinCAT OS (x64)
		{AFCFF341-7F4C-45EE-B21E-2E180A8961CA}.Debug|TwinCAT RT (x64).ActiveCfg = Debug|TwinCAT RT (x64)
		{AFCFF341-7F4C-45EE-B21E-2E180A8961CA}.Debug|TwinCAT RT (x64).Build.0 = Debug|TwinCAT RT (x64)
		{AFCFF341-7F4C-45EE-B21E-2E180A8961CA}.Debug|TwinCAT RT (x86).ActiveCfg = Debug|TwinCAT RT (x86)
		{AFCFF341-7F4C-45EE-B21E-2E180A8961CA}.Debug|TwinCAT RT (x86).Build.0 = Debug|TwinCAT RT (x86)
		{AFCFF341-7F4C-45EE-B21E-2E180A8961CA}.Release|TwinCAT HMI.ActiveCfg = Release|TwinCAT RT (x64)
		{AFCFF341-7F4C-45EE-B21E-2E180A8961CA}.Release|TwinCAT HMI.Build.0 = Release|TwinCAT RT (x64)
		{AFCFF341-7F4C-45EE-B21E-2E180A8961CA}.Release|TwinCAT OS (ARMV7-A).ActiveCfg = Release|TwinCAT OS (ARMV7-A)
		{AFCFF341-7F4C-45EE-B21E-2E180A8961CA}.Release|TwinCAT OS (ARMV7-A).Build.0 = Release|TwinCAT OS (ARMV7-A)
		{AFCFF341-7F4C-45EE-B21E-2E180A8961CA}.Release|TwinCAT OS (ARMV7-M).ActiveCfg = Release|TwinCAT OS (ARMV7-M)
		{AFCFF341-7F4C-45EE-B21E-2E180A8961CA}.Release|TwinCAT OS (ARMV7-M).Build.0 = Release|TwinCAT OS (ARMV7-M)
		{AFCFF341-7F4C-45EE-B21E-2E180A8961CA}.Release|TwinCAT OS (ARMV8-A).ActiveCfg = Release|TwinCAT OS (ARMV8-A)
		{AFCFF341-7F4C-45EE-B21E-2E180A8961CA}.Release|TwinCAT OS (ARMV8-A).Build.0 = Release|TwinCAT OS (ARMV8-A)
		{AFCFF341-7F4C-45EE-B21E-2E180A8961CA}.Release|TwinCAT OS (x64).ActiveCfg = Release|TwinCAT OS (x64)
		{AFCFF341-7F4C-45EE-B21E-2E180A8961CA}.Release|TwinCAT OS (x64).Build.0 = Release|TwinCAT OS (x64)
		{AFCFF341-7F4C-45EE-B21E-2E180A8961CA}.Release|TwinCAT RT (x64).ActiveCfg = Release|TwinCAT RT (x64)
		{AFCFF341-7F4C-45EE-B21E-2E180A8961CA}.Release|TwinCAT RT (x64).Build.0 = Release|TwinCAT RT (x64)
		{AFCFF341-7F4C-45EE-B21E-2E180A8961CA}.Release|TwinCAT RT (x86).ActiveCfg = Release|TwinCAT RT (x86)
		{AFCFF341-7F4C-45EE-B21E-2E180A8961CA}.Release|TwinCAT RT (x86).Build.0 = Release|TwinCAT RT (x86)
	EndGlobalSection
	GlobalSection(SolutionProperties) = preSolution
		HideSolutionNode = FALSE
	EndGlobalSection
EndGlobal
