
Microsoft Visual Studio Solution File, Format Version 12.00
# Visual Studio Version 17
VisualStudioVersion = 17.9.34902.65
MinimumVisualStudioVersion = 10.0.40219.1
Project("{FE7A1B72-C5B7-4D7C-BB7D-76384D4DE8E1}") = "TcHmiProject1", "TcHmiProject1\TcHmiProject1.hmiproj", "{3DBDF5AE-2737-4573-9617-C52B0AA30915}"
EndProject
Global
	GlobalSection(SolutionConfigurationPlatforms) = preSolution
		Debug|TwinCAT HMI = Debug|TwinCAT HMI
		Release|TwinCAT HMI = Release|TwinCAT HMI
	EndGlobalSection
	GlobalSection(ProjectConfigurationPlatforms) = postSolution
		{3DBDF5AE-2737-4573-9617-C52B0AA30915}.Debug|TwinCAT HMI.ActiveCfg = Debug|TwinCAT HMI
		{3DBDF5AE-2737-4573-9617-C52B0AA30915}.Debug|TwinCAT HMI.Build.0 = Debug|TwinCAT HMI
		{3DBDF5AE-2737-4573-9617-C52B0AA30915}.Release|TwinCAT HMI.ActiveCfg = Release|TwinCAT HMI
		{3DBDF5AE-2737-4573-9617-C52B0AA30915}.Release|TwinCAT HMI.Build.0 = Release|TwinCAT HMI
	EndGlobalSection
	GlobalSection(SolutionProperties) = preSolution
		HideSolutionNode = FALSE
	EndGlobalSection
	GlobalSection(ExtensibilityGlobals) = postSolution
		SolutionGuid = {14FB6F5D-3C7D-4BDE-BAC6-5709BD1EE2B3}
	EndGlobalSection
EndGlobal
