
Microsoft Visual Studio Solution File, Format Version 12.00
# Visual Studio 15
VisualStudioVersion = 15.0.28307.1022
MinimumVisualStudioVersion = 10.0.40219.1
Project("{FE7A1B72-C5B7-4D7C-BB7D-76384D4DE8E1}") = "TcHmiProject1", "TcHmiProject1\TcHmiProject1.hmiproj", "{3BA9FF70-E402-44A0-ACD1-E172FB794A38}"
EndProject
Global
	GlobalSection(SolutionConfigurationPlatforms) = preSolution
		Debug|TwinCAT HMI = Debug|TwinCAT HMI
		Release|TwinCAT HMI = Release|TwinCAT HMI
	EndGlobalSection
	GlobalSection(ProjectConfigurationPlatforms) = postSolution
		{3BA9FF70-E402-44A0-ACD1-E172FB794A38}.Debug|TwinCAT HMI.ActiveCfg = Debug|TwinCAT HMI
		{3BA9FF70-E402-44A0-ACD1-E172FB794A38}.Debug|TwinCAT HMI.Build.0 = Debug|TwinCAT HMI
		{3BA9FF70-E402-44A0-ACD1-E172FB794A38}.Release|TwinCAT HMI.ActiveCfg = Release|TwinCAT HMI
		{3BA9FF70-E402-44A0-ACD1-E172FB794A38}.Release|TwinCAT HMI.Build.0 = Release|TwinCAT HMI
	EndGlobalSection
	GlobalSection(SolutionProperties) = preSolution
		HideSolutionNode = FALSE
	EndGlobalSection
	GlobalSection(ExtensibilityGlobals) = postSolution
		SolutionGuid = {2F4A3F55-9136-4829-A45C-4AD1B9719344}
	EndGlobalSection
EndGlobal
