
Microsoft Visual Studio Solution File, Format Version 12.00
# Visual Studio Version 17
VisualStudioVersion = 17.10.35122.118
MinimumVisualStudioVersion = 10.0.40219.1
Project("{FE7A1B72-C5B7-4D7C-BB7D-76384D4DE8E1}") = "AuditTrailReporting_HMI", "AuditTrailReporting_HMI\AuditTrailReporting_HMI.hmiproj", "{DC2A90EC-2C8D-4F41-95E2-13609F118B3E}"
EndProject
Project("{B1E792BE-AA5F-4E3C-8C82-674BF9C0715B}") = "AuditTrailReporting_XAE", "AuditTrailReporting_XAE\AuditTrailReporting_XAE.tsproj", "{CADC27C6-9D8D-4892-98EB-8522F2C7AA68}"
EndProject
Global
	GlobalSection(SolutionConfigurationPlatforms) = preSolution
		Debug|TwinCAT HMI = Debug|TwinCAT HMI
		Debug|TwinCAT OS (ARMV7-A) = Debug|TwinCAT OS (ARMV7-A)
		Debug|TwinCAT OS (ARMV7-M) = Debug|TwinCAT OS (ARMV7-M)
		Debug|TwinCAT OS (ARMV8-A) = Debug|TwinCAT OS (ARMV8-A)
		Debug|TwinCAT OS (x64) = Debug|TwinCAT OS (x64)
		Debug|TwinCAT RT (x64) = Debug|TwinCAT RT (x64)
		Debug|TwinCAT RT (x86) = Debug|TwinCAT RT (x86)
		Release|TwinCAT HMI = Release|TwinCAT HMI
		Release|TwinCAT OS (ARMV7-A) = Release|TwinCAT OS (ARMV7-A)
		Release|TwinCAT OS (ARMV7-M) = Release|TwinCAT OS (ARMV7-M)
		Release|TwinCAT OS (ARMV8-A) = Release|TwinCAT OS (ARMV8-A)
		Release|TwinCAT OS (x64) = Release|TwinCAT OS (x64)
		Release|TwinCAT RT (x64) = Release|TwinCAT RT (x64)
		Release|TwinCAT RT (x86) = Release|TwinCAT RT (x86)
	EndGlobalSection
	GlobalSection(ProjectConfigurationPlatforms) = postSolution
		{DC2A90EC-2C8D-4F41-95E2-13609F118B3E}.Debug|TwinCAT HMI.ActiveCfg = Debug|TwinCAT HMI
		{DC2A90EC-2C8D-4F41-95E2-13609F118B3E}.Debug|TwinCAT HMI.Build.0 = Debug|TwinCAT HMI
		{DC2A90EC-2C8D-4F41-95E2-13609F118B3E}.Debug|TwinCAT OS (ARMV7-A).ActiveCfg = Debug|TwinCAT HMI
		{DC2A90EC-2C8D-4F41-95E2-13609F118B3E}.Debug|TwinCAT OS (ARMV7-A).Build.0 = Debug|TwinCAT HMI
		{DC2A90EC-2C8D-4F41-95E2-13609F118B3E}.Debug|TwinCAT OS (ARMV7-M).ActiveCfg = Debug|TwinCAT HMI
		{DC2A90EC-2C8D-4F41-95E2-13609F118B3E}.Debug|TwinCAT OS (ARMV7-M).Build.0 = Debug|TwinCAT HMI
		{DC2A90EC-2C8D-4F41-95E2-13609F118B3E}.Debug|TwinCAT OS (ARMV8-A).ActiveCfg = Debug|TwinCAT HMI
		{DC2A90EC-2C8D-4F41-95E2-13609F118B3E}.Debug|TwinCAT OS (ARMV8-A).Build.0 = Debug|TwinCAT HMI
		{DC2A90EC-2C8D-4F41-95E2-13609F118B3E}.Debug|TwinCAT OS (x64).ActiveCfg = Debug|TwinCAT HMI
		{DC2A90EC-2C8D-4F41-95E2-13609F118B3E}.Debug|TwinCAT OS (x64).Build.0 = Debug|TwinCAT HMI
		{DC2A90EC-2C8D-4F41-95E2-13609F118B3E}.Debug|TwinCAT RT (x64).ActiveCfg = Debug|TwinCAT HMI
		{DC2A90EC-2C8D-4F41-95E2-13609F118B3E}.Debug|TwinCAT RT (x64).Build.0 = Debug|TwinCAT HMI
		{DC2A90EC-2C8D-4F41-95E2-13609F118B3E}.Debug|TwinCAT RT (x86).ActiveCfg = Debug|TwinCAT HMI
		{DC2A90EC-2C8D-4F41-95E2-13609F118B3E}.Debug|TwinCAT RT (x86).Build.0 = Debug|TwinCAT HMI
		{DC2A90EC-2C8D-4F41-95E2-13609F118B3E}.Release|TwinCAT HMI.ActiveCfg = Release|TwinCAT HMI
		{DC2A90EC-2C8D-4F41-95E2-13609F118B3E}.Release|TwinCAT HMI.Build.0 = Release|TwinCAT HMI
		{DC2A90EC-2C8D-4F41-95E2-13609F118B3E}.Release|TwinCAT OS (ARMV7-A).ActiveCfg = Release|TwinCAT HMI
		{DC2A90EC-2C8D-4F41-95E2-13609F118B3E}.Release|TwinCAT OS (ARMV7-A).Build.0 = Release|TwinCAT HMI
		{DC2A90EC-2C8D-4F41-95E2-13609F118B3E}.Release|TwinCAT OS (ARMV7-M).ActiveCfg = Release|TwinCAT HMI
		{DC2A90EC-2C8D-4F41-95E2-13609F118B3E}.Release|TwinCAT OS (ARMV7-M).Build.0 = Release|TwinCAT HMI
		{DC2A90EC-2C8D-4F41-95E2-13609F118B3E}.Release|TwinCAT OS (ARMV8-A).ActiveCfg = Release|TwinCAT HMI
		{DC2A90EC-2C8D-4F41-95E2-13609F118B3E}.Release|TwinCAT OS (ARMV8-A).Build.0 = Release|TwinCAT HMI
		{DC2A90EC-2C8D-4F41-95E2-13609F118B3E}.Release|TwinCAT OS (x64).ActiveCfg = Release|TwinCAT HMI
		{DC2A90EC-2C8D-4F41-95E2-13609F118B3E}.Release|TwinCAT OS (x64).Build.0 = Release|TwinCAT HMI
		{DC2A90EC-2C8D-4F41-95E2-13609F118B3E}.Release|TwinCAT RT (x64).ActiveCfg = Release|TwinCAT HMI
		{DC2A90EC-2C8D-4F41-95E2-13609F118B3E}.Release|TwinCAT RT (x64).Build.0 = Release|TwinCAT HMI
		{DC2A90EC-2C8D-4F41-95E2-13609F118B3E}.Release|TwinCAT RT (x86).ActiveCfg = Release|TwinCAT HMI
		{DC2A90EC-2C8D-4F41-95E2-13609F118B3E}.Release|TwinCAT RT (x86).Build.0 = Release|TwinCAT HMI
		{CADC27C6-9D8D-4892-98EB-8522F2C7AA68}.Debug|TwinCAT HMI.ActiveCfg = Debug|TwinCAT RT (x64)
		{CADC27C6-9D8D-4892-98EB-8522F2C7AA68}.Debug|TwinCAT HMI.Build.0 = Debug|TwinCAT RT (x64)
		{CADC27C6-9D8D-4892-98EB-8522F2C7AA68}.Debug|TwinCAT OS (ARMV7-A).ActiveCfg = Debug|TwinCAT OS (ARMV7-A)
		{CADC27C6-9D8D-4892-98EB-8522F2C7AA68}.Debug|TwinCAT OS (ARMV7-A).Build.0 = Debug|TwinCAT OS (ARMV7-A)
		{CADC27C6-9D8D-4892-98EB-8522F2C7AA68}.Debug|TwinCAT OS (ARMV7-M).ActiveCfg = Debug|TwinCAT OS (ARMV7-M)
		{CADC27C6-9D8D-4892-98EB-8522F2C7AA68}.Debug|TwinCAT OS (ARMV7-M).Build.0 = Debug|TwinCAT OS (ARMV7-M)
		{CADC27C6-9D8D-4892-98EB-8522F2C7AA68}.Debug|TwinCAT OS (ARMV8-A).ActiveCfg = Debug|TwinCAT OS (ARMV8-A)
		{CADC27C6-9D8D-4892-98EB-8522F2C7AA68}.Debug|TwinCAT OS (ARMV8-A).Build.0 = Debug|TwinCAT OS (ARMV8-A)
		{CADC27C6-9D8D-4892-98EB-8522F2C7AA68}.Debug|TwinCAT OS (x64).ActiveCfg = Debug|TwinCAT OS (x64)
		{CADC27C6-9D8D-4892-98EB-8522F2C7AA68}.Debug|TwinCAT OS (x64).Build.0 = Debug|TwinCAT OS (x64)
		{CADC27C6-9D8D-4892-98EB-8522F2C7AA68}.Debug|TwinCAT RT (x64).ActiveCfg = Debug|TwinCAT RT (x64)
		{CADC27C6-9D8D-4892-98EB-8522F2C7AA68}.Debug|TwinCAT RT (x64).Build.0 = Debug|TwinCAT RT (x64)
		{CADC27C6-9D8D-4892-98EB-8522F2C7AA68}.Debug|TwinCAT RT (x86).ActiveCfg = Debug|TwinCAT RT (x86)
		{CADC27C6-9D8D-4892-98EB-8522F2C7AA68}.Debug|TwinCAT RT (x86).Build.0 = Debug|TwinCAT RT (x86)
		{CADC27C6-9D8D-4892-98EB-8522F2C7AA68}.Release|TwinCAT HMI.ActiveCfg = Release|TwinCAT RT (x64)
		{CADC27C6-9D8D-4892-98EB-8522F2C7AA68}.Release|TwinCAT HMI.Build.0 = Release|TwinCAT RT (x64)
		{CADC27C6-9D8D-4892-98EB-8522F2C7AA68}.Release|TwinCAT OS (ARMV7-A).ActiveCfg = Release|TwinCAT OS (ARMV7-A)
		{CADC27C6-9D8D-4892-98EB-8522F2C7AA68}.Release|TwinCAT OS (ARMV7-A).Build.0 = Release|TwinCAT OS (ARMV7-A)
		{CADC27C6-9D8D-4892-98EB-8522F2C7AA68}.Release|TwinCAT OS (ARMV7-M).ActiveCfg = Release|TwinCAT OS (ARMV7-M)
		{CADC27C6-9D8D-4892-98EB-8522F2C7AA68}.Release|TwinCAT OS (ARMV7-M).Build.0 = Release|TwinCAT OS (ARMV7-M)
		{CADC27C6-9D8D-4892-98EB-8522F2C7AA68}.Release|TwinCAT OS (ARMV8-A).ActiveCfg = Release|TwinCAT OS (ARMV8-A)
		{CADC27C6-9D8D-4892-98EB-8522F2C7AA68}.Release|TwinCAT OS (ARMV8-A).Build.0 = Release|TwinCAT OS (ARMV8-A)
		{CADC27C6-9D8D-4892-98EB-8522F2C7AA68}.Release|TwinCAT OS (x64).ActiveCfg = Release|TwinCAT OS (x64)
		{CADC27C6-9D8D-4892-98EB-8522F2C7AA68}.Release|TwinCAT OS (x64).Build.0 = Release|TwinCAT OS (x64)
		{CADC27C6-9D8D-4892-98EB-8522F2C7AA68}.Release|TwinCAT RT (x64).ActiveCfg = Release|TwinCAT RT (x64)
		{CADC27C6-9D8D-4892-98EB-8522F2C7AA68}.Release|TwinCAT RT (x64).Build.0 = Release|TwinCAT RT (x64)
		{CADC27C6-9D8D-4892-98EB-8522F2C7AA68}.Release|TwinCAT RT (x86).ActiveCfg = Release|TwinCAT RT (x86)
		{CADC27C6-9D8D-4892-98EB-8522F2C7AA68}.Release|TwinCAT RT (x86).Build.0 = Release|TwinCAT RT (x86)
	EndGlobalSection
	GlobalSection(SolutionProperties) = preSolution
		HideSolutionNode = FALSE
	EndGlobalSection
	GlobalSection(ExtensibilityGlobals) = postSolution
		SolutionGuid = {27AD6972-3FFC-4AA6-95EF-08D50D73B867}
	EndGlobalSection
EndGlobal
